
Microsoft Visual Studio Solution File, Format Version 12.00
# Visual Studio Version 16
VisualStudioVersion = 16.0.31624.102
MinimumVisualStudioVersion = 10.0.40219.1
Project("{FAE04EC0-301F-11D3-BF4B-00C04F79EFBC}") = "Assignment7", "Assignment7\Assignment7.csproj", "{D08423C8-1DFC-4D26-A0FC-66698CD53D37}"
EndProject
Global
	GlobalSection(SolutionConfigurationPlatforms) = preSolution
		Debug|Any CPU = Debug|Any CPU
		Release|Any CPU = Release|Any CPU
	EndGlobalSection
	GlobalSection(ProjectConfigurationPlatforms) = postSolution
		{D08423C8-1DFC-4D26-A0FC-66698CD53D37}.Debug|Any CPU.ActiveCfg = Debug|Any CPU
		{D08423C8-1DFC-4D26-A0FC-66698CD53D37}.Debug|Any CPU.Build.0 = Debug|Any CPU
		{D08423C8-1DFC-4D26-A0FC-66698CD53D37}.Release|Any CPU.ActiveCfg = Release|Any CPU
		{D08423C8-1DFC-4D26-A0FC-66698CD53D37}.Release|Any CPU.Build.0 = Release|Any CPU
	EndGlobalSection
	GlobalSection(SolutionProperties) = preSolution
		HideSolutionNode = FALSE
	EndGlobalSection
	GlobalSection(ExtensibilityGlobals) = postSolution
		SolutionGuid = {8F6F980B-D25E-40CA-81FB-BB60AD0DD4AB}
	EndGlobalSection
EndGlobal
